PODS:
  - Alamofire (3.4.1)
  - Argo (3.1.0)
  - Curry (2.3.3)
  - Nimble (4.1.0)
  - Quick (0.9.3)
  - Runes (3.2.1)
  - RxAlamofire (2.5):
    - RxAlamofire/Core (= 2.5)
  - RxAlamofire/Core (2.5):
    - Alamofire (~> 3.4)
    - RxSwift (~> 2.5)
  - RxCocoa (2.6.0):
    - RxSwift (~> 2.5)
  - RxDataSources (0.9):
    - RxCocoa (~> 2.2)
    - RxSwift (~> 2.2)
  - RxSwift (2.6.0)
  - RxTests (2.6.0):
    - RxSwift (~> 2.5)
  - SDWebImage (3.8.1):
    - SDWebImage/Core (= 3.8.1)
  - SDWebImage/Core (3.8.1)

DEPENDENCIES:
  - Argo
  - Curry
  - Nimble
  - Quick
  - Runes
  - RxAlamofire
  - RxCocoa
  - RxDataSources
  - RxSwift
  - RxTests
  - SDWebImage

SPEC CHECKSUMS:
  Alamofire: 01a82e2f6c0f860ade35534c8dd88be61bdef40c
  Argo: bb0e94e309d6ceb8fa58910205c8968be101e429
  Curry: 37223f4467e4802a08b6a414b526dcd919a4a777
  Nimble: 97a0a4cae5124c117115634b2d055d8c97d0af19
  Quick: 13a2a2b19a5d8e3ed4fd0c36ee46597fd77ebf71
  Runes: 9b2b636779f8bd0aa80c61f69032f83ae24b4e2f
  RxAlamofire: b4572a077b6b2410c8732a27266299df4c00736e
  RxCocoa: 89ab00d5753502520227940e3a0e0a0413683c6b
  RxDataSources: e169bba94a7be584df7c1e1487fa56edc8753ae6
  RxSwift: 77f3a0b15324baa7a1c9bfa9f199648a82424e26
  RxTests: cdcc379c70e80089a8bc2c99515223339d1c3b81
  SDWebImage: 35f9627a3e44b4f292a8a8ce6a531fa488239b91

PODFILE CHECKSUM: c0e15138c004be17b76087684d376d2257c3e1df

COCOAPODS: 1.0.1
