// !$*UTF8*$!
{
	archiveVersion = 1;
	classes = {
	};
	objectVersion = 46;
	objects = {

/* Begin PBXBuildFile section */
		690524FC08F1EB680747F9B2 /* Pods_FunctionalMarvel.framework in Frameworks */ = {isa = PBXBuildFile; fileRef = 2D9388D7CF5B91CFF67F5261 /* Pods_FunctionalMarvel.framework */; };
		695B12A185140C96DFA180D7 /* Pods_FunctionalMarvelTests.framework in Frameworks */ = {isa = PBXBuildFile; fileRef = 943EE2E495A501E010DEA6CB /* Pods_FunctionalMarvelTests.framework */; };
		84062B331C070E55009A44B9 /* Heroes.json in Resources */ = {isa = PBXBuildFile; fileRef = 84062B321C070E55009A44B9 /* Heroes.json */; };
		84062B351C070E71009A44B9 /* TestHelpers.swift in Sources */ = {isa = PBXBuildFile; fileRef = 84062B341C070E71009A44B9 /* TestHelpers.swift */; };
		84062B511C074F2A009A44B9 /* DecodeSpec.swift in Sources */ = {isa = PBXBuildFile; fileRef = 84062B501C074F29009A44B9 /* DecodeSpec.swift */; };
		84062B531C074FA2009A44B9 /* Hero.json in Resources */ = {isa = PBXBuildFile; fileRef = 84062B521C074FA2009A44B9 /* Hero.json */; };
		84062B561C07538B009A44B9 /* Batch.json in Resources */ = {isa = PBXBuildFile; fileRef = 84062B551C07538B009A44B9 /* Batch.json */; };
		84062B581C07557E009A44B9 /* EndPointSpec.swift in Sources */ = {isa = PBXBuildFile; fileRef = 84062B571C07557E009A44B9 /* EndPointSpec.swift */; };
		84062B5A1C07567A009A44B9 /* ParamsKeysSpec.swift in Sources */ = {isa = PBXBuildFile; fileRef = 84062B591C07567A009A44B9 /* ParamsKeysSpec.swift */; };
		84062B621C086E11009A44B9 /* SearchTableViewController.swift in Sources */ = {isa = PBXBuildFile; fileRef = 84062B611C086E11009A44B9 /* SearchTableViewController.swift */; };
		84062B6B1C0DEBEB009A44B9 /* AppendableDataSourceSpec.swift in Sources */ = {isa = PBXBuildFile; fileRef = 84062B6A1C0DEBEB009A44B9 /* AppendableDataSourceSpec.swift */; };
		844C692E1D04B0DD00B3F400 /* HeroAPI.swift in Sources */ = {isa = PBXBuildFile; fileRef = 844C692D1D04B0DD00B3F400 /* HeroAPI.swift */; };
		845FA2441CB7E7DA004D20EE /* RemoteItemProvider.swift in Sources */ = {isa = PBXBuildFile; fileRef = 845FA2431CB7E7DA004D20EE /* RemoteItemProvider.swift */; };
		846338261CC12ECB00EAF1F2 /* PagingDecoder.swift in Sources */ = {isa = PBXBuildFile; fileRef = 846338251CC12ECB00EAF1F2 /* PagingDecoder.swift */; };
		846338331CC531DD00EAF1F2 /* Page.swift in Sources */ = {isa = PBXBuildFile; fileRef = 846338321CC531DD00EAF1F2 /* Page.swift */; };
		846338361CC6153200EAF1F2 /* ParamsProvider.swift in Sources */ = {isa = PBXBuildFile; fileRef = 846338351CC6153200EAF1F2 /* ParamsProvider.swift */; };
		846338381CC6155B00EAF1F2 /* HeroesParamsProvider.swift in Sources */ = {isa = PBXBuildFile; fileRef = 846338371CC6155B00EAF1F2 /* HeroesParamsProvider.swift */; };
		8463383A1CC6185A00EAF1F2 /* HeroListViewModel.swift in Sources */ = {isa = PBXBuildFile; fileRef = 846338391CC6185A00EAF1F2 /* HeroListViewModel.swift */; };
		846AE6881BC5000F000A3739 /* AppDelegate.swift in Sources */ = {isa = PBXBuildFile; fileRef = 846AE6871BC5000F000A3739 /* AppDelegate.swift */; };
		846AE68D1BC5000F000A3739 /* Main.storyboard in Resources */ = {isa = PBXBuildFile; fileRef = 846AE68B1BC5000F000A3739 /* Main.storyboard */; };
		846AE68F1BC5000F000A3739 /* Assets.xcassets in Resources */ = {isa = PBXBuildFile; fileRef = 846AE68E1BC5000F000A3739 /* Assets.xcassets */; };
		846AE6921BC5000F000A3739 /* LaunchScreen.storyboard in Resources */ = {isa = PBXBuildFile; fileRef = 846AE6901BC5000F000A3739 /* LaunchScreen.storyboard */; };
		846AE6AD1BC5028F000A3739 /* HeroesListViewController.swift in Sources */ = {isa = PBXBuildFile; fileRef = 846AE6AC1BC5028F000A3739 /* HeroesListViewController.swift */; };
		846AE6B41BC502DE000A3739 /* SwiftExtensions.swift in Sources */ = {isa = PBXBuildFile; fileRef = 846AE6B31BC502DE000A3739 /* SwiftExtensions.swift */; };
		846AE6BD1BC50D05000A3739 /* Hero.swift in Sources */ = {isa = PBXBuildFile; fileRef = 846AE6BC1BC50D05000A3739 /* Hero.swift */; };
		846AE6BF1BC50D44000A3739 /* Thumbnail.swift in Sources */ = {isa = PBXBuildFile; fileRef = 846AE6BE1BC50D44000A3739 /* Thumbnail.swift */; };
		846AE6C21BC51784000A3739 /* Marvel.swift in Sources */ = {isa = PBXBuildFile; fileRef = 846AE6C11BC51784000A3739 /* Marvel.swift */; };
		846AE6C61BC51E20000A3739 /* EndPoint.swift in Sources */ = {isa = PBXBuildFile; fileRef = 846AE6C51BC51E20000A3739 /* EndPoint.swift */; };
		846AE6C81BC5257B000A3739 /* RxExtensions.swift in Sources */ = {isa = PBXBuildFile; fileRef = 846AE6C71BC5257B000A3739 /* RxExtensions.swift */; };
		846AE6D01BC64E18000A3739 /* HeroCellData.swift in Sources */ = {isa = PBXBuildFile; fileRef = 846AE6CF1BC64E18000A3739 /* HeroCellData.swift */; };
		847BE0451BFF53D100D12856 /* UIProtocols.swift in Sources */ = {isa = PBXBuildFile; fileRef = 847BE0441BFF53D100D12856 /* UIProtocols.swift */; };
		847BE0471BFF550800D12856 /* HeroListTableViewCell.swift in Sources */ = {isa = PBXBuildFile; fileRef = 847BE0461BFF550800D12856 /* HeroListTableViewCell.swift */; };
		847BE0491BFF551F00D12856 /* HeroListTableViewCell.xib in Resources */ = {isa = PBXBuildFile; fileRef = 847BE0481BFF551F00D12856 /* HeroListTableViewCell.xib */; };
		847BE04B1BFF5C2000D12856 /* ViewModelProtocols.swift in Sources */ = {isa = PBXBuildFile; fileRef = 847BE04A1BFF5C2000D12856 /* ViewModelProtocols.swift */; };
		847BE04E1BFFAEAA00D12856 /* RxTableViewCell.swift in Sources */ = {isa = PBXBuildFile; fileRef = 847BE04D1BFFAEAA00D12856 /* RxTableViewCell.swift */; };
		847BE0501BFFAECF00D12856 /* RxViewController.swift in Sources */ = {isa = PBXBuildFile; fileRef = 847BE04F1BFFAECF00D12856 /* RxViewController.swift */; };
		847BE0521BFFB28800D12856 /* RxTableViewController.swift in Sources */ = {isa = PBXBuildFile; fileRef = 847BE0511BFFB28800D12856 /* RxTableViewController.swift */; };
		847BE0541BFFB91E00D12856 /* ViewController.swift in Sources */ = {isa = PBXBuildFile; fileRef = 847BE0531BFFB91E00D12856 /* ViewController.swift */; };
		847BE0571BFFB99600D12856 /* Segue.swift in Sources */ = {isa = PBXBuildFile; fileRef = 847BE0561BFFB99600D12856 /* Segue.swift */; };
		847BE07F1C00C73200D12856 /* RxCollectionViewCell.swift in Sources */ = {isa = PBXBuildFile; fileRef = 847BE07E1C00C73200D12856 /* RxCollectionViewCell.swift */; };
		847BE0811C00CA3A00D12856 /* RxCollectionReusableView.swift in Sources */ = {isa = PBXBuildFile; fileRef = 847BE0801C00CA3A00D12856 /* RxCollectionReusableView.swift */; };
		84BE9EC31C10909700573ED9 /* BindableCellFactorySpec.swift in Sources */ = {isa = PBXBuildFile; fileRef = 84BE9EC11C10909700573ED9 /* BindableCellFactorySpec.swift */; };
		84BE9ECC1C118F8900573ED9 /* SearchTableDataSource.swift in Sources */ = {isa = PBXBuildFile; fileRef = 84BE9EC91C118F8900573ED9 /* SearchTableDataSource.swift */; };
		84BE9ECD1C118F8900573ED9 /* AppendableDataSource.swift in Sources */ = {isa = PBXBuildFile; fileRef = 84BE9ECA1C118F8900573ED9 /* AppendableDataSource.swift */; };
		84BE9ECE1C118F8900573ED9 /* BindableCellFactory.swift in Sources */ = {isa = PBXBuildFile; fileRef = 84BE9ECB1C118F8900573ED9 /* BindableCellFactory.swift */; };
		84BE9ED21C1190F600573ED9 /* HeroesListViewControllerSpec.swift in Sources */ = {isa = PBXBuildFile; fileRef = 84BE9ED11C1190F600573ED9 /* HeroesListViewControllerSpec.swift */; };
		84D6355C1CB7D8FC001A4498 /* Manager+Rx.swift in Sources */ = {isa = PBXBuildFile; fileRef = 84D6355B1CB7D8FC001A4498 /* Manager+Rx.swift */; };
		84DCC7CB1BC945060035DD7E /* Batch.swift in Sources */ = {isa = PBXBuildFile; fileRef = 84DCC7CA1BC945060035DD7E /* Batch.swift */; };
		84E037121C044FC900AADF10 /* ModelProtocols.swift in Sources */ = {isa = PBXBuildFile; fileRef = 84E037111C044FC900AADF10 /* ModelProtocols.swift */; };
		84E037271C04BACF00AADF10 /* ParamKeys.swift in Sources */ = {isa = PBXBuildFile; fileRef = 84E037261C04BACF00AADF10 /* ParamKeys.swift */; };
/* End PBXBuildFile section */

/* Begin PBXContainerItemProxy section */
		846AE6991BC5000F000A3739 /* PBXContainerItemProxy */ = {
			isa = PBXContainerItemProxy;
			containerPortal = 846AE67C1BC5000F000A3739 /* Project object */;
			proxyType = 1;
			remoteGlobalIDString = 846AE6831BC5000F000A3739;
			remoteInfo = FunctionalMarvel;
		};
/* End PBXContainerItemProxy section */

/* Begin PBXFileReference section */
		2D9388D7CF5B91CFF67F5261 /* Pods_FunctionalMarvel.framework */ = {isa = PBXFileReference; explicitFileType = wrapper.framework; includeInIndex = 0; path = Pods_FunctionalMarvel.framework; sourceTree = BUILT_PRODUCTS_DIR; };
		3984DA2BC3C5D1AC18448E76 /* Pods-FunctionalMarvel.debug.xcconfig */ = {isa = PBXFileReference; includeInIndex = 1; lastKnownFileType = text.xcconfig; name = "Pods-FunctionalMarvel.debug.xcconfig"; path = "Pods/Target Support Files/Pods-FunctionalMarvel/Pods-FunctionalMarvel.debug.xcconfig"; sourceTree = "<group>"; };
		49C43B762B71C4E242A6FF3F /* Pods-FunctionalMarvelTests.release.xcconfig */ = {isa = PBXFileReference; includeInIndex = 1; lastKnownFileType = text.xcconfig; name = "Pods-FunctionalMarvelTests.release.xcconfig"; path = "Pods/Target Support Files/Pods-FunctionalMarvelTests/Pods-FunctionalMarvelTests.release.xcconfig"; sourceTree = "<group>"; };
		697069B2733F3B548AA22BF7 /* Pods-FunctionalMarvelTests.debug.xcconfig */ = {isa = PBXFileReference; includeInIndex = 1; lastKnownFileType = text.xcconfig; name = "Pods-FunctionalMarvelTests.debug.xcconfig"; path = "Pods/Target Support Files/Pods-FunctionalMarvelTests/Pods-FunctionalMarvelTests.debug.xcconfig"; sourceTree = "<group>"; };
		818CEB2CF2A2E3435D1C885A /* Pods-FunctionalMarvel.release.xcconfig */ = {isa = PBXFileReference; includeInIndex = 1; lastKnownFileType = text.xcconfig; name = "Pods-FunctionalMarvel.release.xcconfig"; path = "Pods/Target Support Files/Pods-FunctionalMarvel/Pods-FunctionalMarvel.release.xcconfig"; sourceTree = "<group>"; };
		84062B321C070E55009A44B9 /* Heroes.json */ = {isa = PBXFileReference; fileEncoding = 4; lastKnownFileType = text.json; path = Heroes.json; sourceTree = "<group>"; };
		84062B341C070E71009A44B9 /* TestHelpers.swift */ = {isa = PBXFileReference; fileEncoding = 4; lastKnownFileType = sourcecode.swift; path = TestHelpers.swift; sourceTree = "<group>"; };
		84062B501C074F29009A44B9 /* DecodeSpec.swift */ = {isa = PBXFileReference; fileEncoding = 4; lastKnownFileType = sourcecode.swift; path = DecodeSpec.swift; sourceTree = "<group>"; };
		84062B521C074FA2009A44B9 /* Hero.json */ = {isa = PBXFileReference; fileEncoding = 4; lastKnownFileType = text.json; path = Hero.json; sourceTree = "<group>"; };
		84062B551C07538B009A44B9 /* Batch.json */ = {isa = PBXFileReference; fileEncoding = 4; lastKnownFileType = text.json; path = Batch.json; sourceTree = "<group>"; };
		84062B571C07557E009A44B9 /* EndPointSpec.swift */ = {isa = PBXFileReference; fileEncoding = 4; lastKnownFileType = sourcecode.swift; path = EndPointSpec.swift; sourceTree = "<group>"; };
		84062B591C07567A009A44B9 /* ParamsKeysSpec.swift */ = {isa = PBXFileReference; fileEncoding = 4; lastKnownFileType = sourcecode.swift; path = ParamsKeysSpec.swift; sourceTree = "<group>"; };
		84062B611C086E11009A44B9 /* SearchTableViewController.swift */ = {isa = PBXFileReference; fileEncoding = 4; lastKnownFileType = sourcecode.swift; path = SearchTableViewController.swift; sourceTree = "<group>"; };
		84062B6A1C0DEBEB009A44B9 /* AppendableDataSourceSpec.swift */ = {isa = PBXFileReference; fileEncoding = 4; lastKnownFileType = sourcecode.swift; path = AppendableDataSourceSpec.swift; sourceTree = "<group>"; };
		844C692D1D04B0DD00B3F400 /* HeroAPI.swift */ = {isa = PBXFileReference; fileEncoding = 4; lastKnownFileType = sourcecode.swift; path = HeroAPI.swift; sourceTree = "<group>"; };
		845FA2431CB7E7DA004D20EE /* RemoteItemProvider.swift */ = {isa = PBXFileReference; fileEncoding = 4; lastKnownFileType = sourcecode.swift; path = RemoteItemProvider.swift; sourceTree = "<group>"; };
		846338251CC12ECB00EAF1F2 /* PagingDecoder.swift */ = {isa = PBXFileReference; fileEncoding = 4; lastKnownFileType = sourcecode.swift; path = PagingDecoder.swift; sourceTree = "<group>"; };
		846338321CC531DD00EAF1F2 /* Page.swift */ = {isa = PBXFileReference; fileEncoding = 4; lastKnownFileType = sourcecode.swift; path = Page.swift; sourceTree = "<group>"; };
		846338351CC6153200EAF1F2 /* ParamsProvider.swift */ = {isa = PBXFileReference; fileEncoding = 4; lastKnownFileType = sourcecode.swift; path = ParamsProvider.swift; sourceTree = "<group>"; };
		846338371CC6155B00EAF1F2 /* HeroesParamsProvider.swift */ = {isa = PBXFileReference; fileEncoding = 4; lastKnownFileType = sourcecode.swift; path = HeroesParamsProvider.swift; sourceTree = "<group>"; };
		846338391CC6185A00EAF1F2 /* HeroListViewModel.swift */ = {isa = PBXFileReference; fileEncoding = 4; lastKnownFileType = sourcecode.swift; path = HeroListViewModel.swift; sourceTree = "<group>"; };
		846AE6841BC5000F000A3739 /* FunctionalMarvel.app */ = {isa = PBXFileReference; explicitFileType = wrapper.application; includeInIndex = 0; path = FunctionalMarvel.app; sourceTree = BUILT_PRODUCTS_DIR; };
		846AE6871BC5000F000A3739 /* AppDelegate.swift */ = {isa = PBXFileReference; lastKnownFileType = sourcecode.swift; path = AppDelegate.swift; sourceTree = "<group>"; };
		846AE68C1BC5000F000A3739 /* Base */ = {isa = PBXFileReference; lastKnownFileType = file.storyboard; name = Base; path = Base.lproj/Main.storyboard; sourceTree = "<group>"; };
		846AE68E1BC5000F000A3739 /* Assets.xcassets */ = {isa = PBXFileReference; lastKnownFileType = folder.assetcatalog; path = Assets.xcassets; sourceTree = "<group>"; };
		846AE6911BC5000F000A3739 /* Base */ = {isa = PBXFileReference; lastKnownFileType = file.storyboard; name = Base; path = Base.lproj/LaunchScreen.storyboard; sourceTree = "<group>"; };
		846AE6981BC5000F000A3739 /* FunctionalMarvelTests.xctest */ = {isa = PBXFileReference; explicitFileType = wrapper.cfbundle; includeInIndex = 0; path = FunctionalMarvelTests.xctest; sourceTree = BUILT_PRODUCTS_DIR; };
		846AE69E1BC5000F000A3739 /* Info.plist */ = {isa = PBXFileReference; lastKnownFileType = text.plist.xml; path = Info.plist; sourceTree = "<group>"; };
		846AE6AC1BC5028F000A3739 /* HeroesListViewController.swift */ = {isa = PBXFileReference; fileEncoding = 4; lastKnownFileType = sourcecode.swift; path = HeroesListViewController.swift; sourceTree = "<group>"; };
		846AE6B31BC502DE000A3739 /* SwiftExtensions.swift */ = {isa = PBXFileReference; fileEncoding = 4; lastKnownFileType = sourcecode.swift; path = SwiftExtensions.swift; sourceTree = "<group>"; };
		846AE6B51BC50500000A3739 /* FunctionalMarvel-Bridging-Header.h */ = {isa = PBXFileReference; lastKnownFileType = sourcecode.c.h; name = "FunctionalMarvel-Bridging-Header.h"; path = "Models/Extensions/FunctionalMarvel-Bridging-Header.h"; sourceTree = "<group>"; };
		846AE6B91BC50B61000A3739 /* Info.plist */ = {isa = PBXFileReference; fileEncoding = 4; lastKnownFileType = text.plist.xml; path = Info.plist; sourceTree = "<group>"; };
		846AE6BC1BC50D05000A3739 /* Hero.swift */ = {isa = PBXFileReference; fileEncoding = 4; lastKnownFileType = sourcecode.swift; path = Hero.swift; sourceTree = "<group>"; };
		846AE6BE1BC50D44000A3739 /* Thumbnail.swift */ = {isa = PBXFileReference; fileEncoding = 4; lastKnownFileType = sourcecode.swift; path = Thumbnail.swift; sourceTree = "<group>"; };
		846AE6C11BC51784000A3739 /* Marvel.swift */ = {isa = PBXFileReference; fileEncoding = 4; lastKnownFileType = sourcecode.swift; path = Marvel.swift; sourceTree = "<group>"; };
		846AE6C51BC51E20000A3739 /* EndPoint.swift */ = {isa = PBXFileReference; fileEncoding = 4; lastKnownFileType = sourcecode.swift; path = EndPoint.swift; sourceTree = "<group>"; };
		846AE6C71BC5257B000A3739 /* RxExtensions.swift */ = {isa = PBXFileReference; fileEncoding = 4; lastKnownFileType = sourcecode.swift; path = RxExtensions.swift; sourceTree = "<group>"; };
		846AE6CF1BC64E18000A3739 /* HeroCellData.swift */ = {isa = PBXFileReference; fileEncoding = 4; lastKnownFileType = sourcecode.swift; path = HeroCellData.swift; sourceTree = "<group>"; };
		847BE0441BFF53D100D12856 /* UIProtocols.swift */ = {isa = PBXFileReference; fileEncoding = 4; lastKnownFileType = sourcecode.swift; path = UIProtocols.swift; sourceTree = "<group>"; };
		847BE0461BFF550800D12856 /* HeroListTableViewCell.swift */ = {isa = PBXFileReference; fileEncoding = 4; lastKnownFileType = sourcecode.swift; path = HeroListTableViewCell.swift; sourceTree = "<group>"; };
		847BE0481BFF551F00D12856 /* HeroListTableViewCell.xib */ = {isa = PBXFileReference; fileEncoding = 4; lastKnownFileType = file.xib; path = HeroListTableViewCell.xib; sourceTree = "<group>"; };
		847BE04A1BFF5C2000D12856 /* ViewModelProtocols.swift */ = {isa = PBXFileReference; fileEncoding = 4; lastKnownFileType = sourcecode.swift; path = ViewModelProtocols.swift; sourceTree = "<group>"; };
		847BE04D1BFFAEAA00D12856 /* RxTableViewCell.swift */ = {isa = PBXFileReference; fileEncoding = 4; lastKnownFileType = sourcecode.swift; path = RxTableViewCell.swift; sourceTree = "<group>"; };
		847BE04F1BFFAECF00D12856 /* RxViewController.swift */ = {isa = PBXFileReference; fileEncoding = 4; lastKnownFileType = sourcecode.swift; path = RxViewController.swift; sourceTree = "<group>"; };
		847BE0511BFFB28800D12856 /* RxTableViewController.swift */ = {isa = PBXFileReference; fileEncoding = 4; lastKnownFileType = sourcecode.swift; path = RxTableViewController.swift; sourceTree = "<group>"; };
		847BE0531BFFB91E00D12856 /* ViewController.swift */ = {isa = PBXFileReference; fileEncoding = 4; lastKnownFileType = sourcecode.swift; path = ViewController.swift; sourceTree = "<group>"; };
		847BE0561BFFB99600D12856 /* Segue.swift */ = {isa = PBXFileReference; fileEncoding = 4; lastKnownFileType = sourcecode.swift; path = Segue.swift; sourceTree = "<group>"; };
		847BE07E1C00C73200D12856 /* RxCollectionViewCell.swift */ = {isa = PBXFileReference; fileEncoding = 4; lastKnownFileType = sourcecode.swift; path = RxCollectionViewCell.swift; sourceTree = "<group>"; };
		847BE0801C00CA3A00D12856 /* RxCollectionReusableView.swift */ = {isa = PBXFileReference; fileEncoding = 4; lastKnownFileType = sourcecode.swift; path = RxCollectionReusableView.swift; sourceTree = "<group>"; };
		84BE9EC11C10909700573ED9 /* BindableCellFactorySpec.swift */ = {isa = PBXFileReference; fileEncoding = 4; lastKnownFileType = sourcecode.swift; path = BindableCellFactorySpec.swift; sourceTree = "<group>"; };
		84BE9EC91C118F8900573ED9 /* SearchTableDataSource.swift */ = {isa = PBXFileReference; fileEncoding = 4; lastKnownFileType = sourcecode.swift; path = SearchTableDataSource.swift; sourceTree = "<group>"; };
		84BE9ECA1C118F8900573ED9 /* AppendableDataSource.swift */ = {isa = PBXFileReference; fileEncoding = 4; lastKnownFileType = sourcecode.swift; path = AppendableDataSource.swift; sourceTree = "<group>"; };
		84BE9ECB1C118F8900573ED9 /* BindableCellFactory.swift */ = {isa = PBXFileReference; fileEncoding = 4; lastKnownFileType = sourcecode.swift; path = BindableCellFactory.swift; sourceTree = "<group>"; };
		84BE9ED11C1190F600573ED9 /* HeroesListViewControllerSpec.swift */ = {isa = PBXFileReference; fileEncoding = 4; lastKnownFileType = sourcecode.swift; path = HeroesListViewControllerSpec.swift; sourceTree = "<group>"; };
		84D6355B1CB7D8FC001A4498 /* Manager+Rx.swift */ = {isa = PBXFileReference; fileEncoding = 4; lastKnownFileType = sourcecode.swift; path = "Manager+Rx.swift"; sourceTree = "<group>"; };
		84DCC7CA1BC945060035DD7E /* Batch.swift */ = {isa = PBXFileReference; fileEncoding = 4; lastKnownFileType = sourcecode.swift; path = Batch.swift; sourceTree = "<group>"; };
		84E037111C044FC900AADF10 /* ModelProtocols.swift */ = {isa = PBXFileReference; fileEncoding = 4; lastKnownFileType = sourcecode.swift; path = ModelProtocols.swift; sourceTree = "<group>"; };
		84E037261C04BACF00AADF10 /* ParamKeys.swift */ = {isa = PBXFileReference; fileEncoding = 4; lastKnownFileType = sourcecode.swift; path = ParamKeys.swift; sourceTree = "<group>"; };
		943EE2E495A501E010DEA6CB /* Pods_FunctionalMarvelTests.framework */ = {isa = PBXFileReference; explicitFileType = wrapper.framework; includeInIndex = 0; path = Pods_FunctionalMarvelTests.framework; sourceTree = BUILT_PRODUCTS_DIR; };
/* End PBXFileReference section */

/* Begin PBXFrameworksBuildPhase section */
		846AE6811BC5000F000A3739 /* Frameworks */ = {
			isa = PBXFrameworksBuildPhase;
			buildActionMask = 2147483647;
			files = (
				690524FC08F1EB680747F9B2 /* Pods_FunctionalMarvel.framework in Frameworks */,
			);
			runOnlyForDeploymentPostprocessing = 0;
		};
		846AE6951BC5000F000A3739 /* Frameworks */ = {
			isa = PBXFrameworksBuildPhase;
			buildActionMask = 2147483647;
			files = (
				695B12A185140C96DFA180D7 /* Pods_FunctionalMarvelTests.framework in Frameworks */,
			);
			runOnlyForDeploymentPostprocessing = 0;
		};
/* End PBXFrameworksBuildPhase section */

/* Begin PBXGroup section */
		21727689B34DAE3B779B8BB7 /* Frameworks */ = {
			isa = PBXGroup;
			children = (
				2D9388D7CF5B91CFF67F5261 /* Pods_FunctionalMarvel.framework */,
				943EE2E495A501E010DEA6CB /* Pods_FunctionalMarvelTests.framework */,
			);
			name = Frameworks;
			sourceTree = "<group>";
		};
		84062B431C0718DA009A44B9 /* Mocks */ = {
			isa = PBXGroup;
			children = (
			);
			path = Mocks;
			sourceTree = "<group>";
		};
		84062B541C074FBA009A44B9 /* Resources */ = {
			isa = PBXGroup;
			children = (
				84062B321C070E55009A44B9 /* Heroes.json */,
				84062B521C074FA2009A44B9 /* Hero.json */,
				84062B551C07538B009A44B9 /* Batch.json */,
			);
			name = Resources;
			sourceTree = "<group>";
		};
		846338341CC614E900EAF1F2 /* PramsProvider */ = {
			isa = PBXGroup;
			children = (
				846338351CC6153200EAF1F2 /* ParamsProvider.swift */,
				846338371CC6155B00EAF1F2 /* HeroesParamsProvider.swift */,
			);
			path = PramsProvider;
			sourceTree = "<group>";
		};
		846AE67B1BC5000F000A3739 = {
			isa = PBXGroup;
			children = (
				846AE6861BC5000F000A3739 /* FunctionalMarvel */,
				846AE69B1BC5000F000A3739 /* FunctionalMarvelTests */,
				846AE6851BC5000F000A3739 /* Products */,
				9AA8B1BFDE0FDEE9AB019565 /* Pods */,
				21727689B34DAE3B779B8BB7 /* Frameworks */,
			);
			sourceTree = "<group>";
		};
		846AE6851BC5000F000A3739 /* Products */ = {
			isa = PBXGroup;
			children = (
				846AE6841BC5000F000A3739 /* FunctionalMarvel.app */,
				846AE6981BC5000F000A3739 /* FunctionalMarvelTests.xctest */,
			);
			name = Products;
			sourceTree = "<group>";
		};
		846AE6861BC5000F000A3739 /* FunctionalMarvel */ = {
			isa = PBXGroup;
			children = (
				847BE04C1BFFAD6800D12856 /* RxUI */,
				847BE0551BFFB94400D12856 /* Navigation */,
				84BE9EC81C118F0D00573ED9 /* Adapters */,
				847BE0431BFF538D00D12856 /* Protocols */,
				846AE6CA1BC64A35000A3739 /* ViewModels */,
				846AE6A91BC50208000A3739 /* Views */,
				846AE6A81BC50202000A3739 /* Models */,
				846AE6A71BC501FB000A3739 /* ViewControllers */,
				846AE6871BC5000F000A3739 /* AppDelegate.swift */,
				846AE68B1BC5000F000A3739 /* Main.storyboard */,
				846AE68E1BC5000F000A3739 /* Assets.xcassets */,
				846AE6901BC5000F000A3739 /* LaunchScreen.storyboard */,
				846AE6B51BC50500000A3739 /* FunctionalMarvel-Bridging-Header.h */,
				846AE6B91BC50B61000A3739 /* Info.plist */,
			);
			path = FunctionalMarvel;
			sourceTree = "<group>";
		};
		846AE69B1BC5000F000A3739 /* FunctionalMarvelTests */ = {
			isa = PBXGroup;
			children = (
				84BE9EC51C10912300573ED9 /* Specs */,
				84062B541C074FBA009A44B9 /* Resources */,
				84062B431C0718DA009A44B9 /* Mocks */,
				846AE69E1BC5000F000A3739 /* Info.plist */,
			);
			path = FunctionalMarvelTests;
			sourceTree = "<group>";
		};
		846AE6A71BC501FB000A3739 /* ViewControllers */ = {
			isa = PBXGroup;
			children = (
				84062B611C086E11009A44B9 /* SearchTableViewController.swift */,
				846AE6AC1BC5028F000A3739 /* HeroesListViewController.swift */,
				847BE0531BFFB91E00D12856 /* ViewController.swift */,
			);
			path = ViewControllers;
			sourceTree = "<group>";
		};
		846AE6A81BC50202000A3739 /* Models */ = {
			isa = PBXGroup;
			children = (
				846338341CC614E900EAF1F2 /* PramsProvider */,
				847BE0581BFFCAAA00D12856 /* Services */,
				846AE6C01BC51738000A3739 /* API */,
				846AE6BB1BC50CDE000A3739 /* Entities */,
				846AE6B21BC502BF000A3739 /* Extensions */,
			);
			path = Models;
			sourceTree = "<group>";
		};
		846AE6A91BC50208000A3739 /* Views */ = {
			isa = PBXGroup;
			children = (
				846AE6D11BC655D8000A3739 /* Cell */,
			);
			path = Views;
			sourceTree = "<group>";
		};
		846AE6B21BC502BF000A3739 /* Extensions */ = {
			isa = PBXGroup;
			children = (
				846AE6B31BC502DE000A3739 /* SwiftExtensions.swift */,
				846AE6C71BC5257B000A3739 /* RxExtensions.swift */,
			);
			path = Extensions;
			sourceTree = "<group>";
		};
		846AE6BB1BC50CDE000A3739 /* Entities */ = {
			isa = PBXGroup;
			children = (
				846AE6BC1BC50D05000A3739 /* Hero.swift */,
				846AE6BE1BC50D44000A3739 /* Thumbnail.swift */,
				84DCC7CA1BC945060035DD7E /* Batch.swift */,
				846338321CC531DD00EAF1F2 /* Page.swift */,
			);
			path = Entities;
			sourceTree = "<group>";
		};
		846AE6C01BC51738000A3739 /* API */ = {
			isa = PBXGroup;
			children = (
				846AE6C11BC51784000A3739 /* Marvel.swift */,
				846AE6C51BC51E20000A3739 /* EndPoint.swift */,
				84E037261C04BACF00AADF10 /* ParamKeys.swift */,
				84D6355B1CB7D8FC001A4498 /* Manager+Rx.swift */,
				845FA2431CB7E7DA004D20EE /* RemoteItemProvider.swift */,
				846338251CC12ECB00EAF1F2 /* PagingDecoder.swift */,
				844C692D1D04B0DD00B3F400 /* HeroAPI.swift */,
			);
			path = API;
			sourceTree = "<group>";
		};
		846AE6CA1BC64A35000A3739 /* ViewModels */ = {
			isa = PBXGroup;
			children = (
				846AE6CF1BC64E18000A3739 /* HeroCellData.swift */,
				846338391CC6185A00EAF1F2 /* HeroListViewModel.swift */,
			);
			path = ViewModels;
			sourceTree = "<group>";
		};
		846AE6D11BC655D8000A3739 /* Cell */ = {
			isa = PBXGroup;
			children = (
				847BE0461BFF550800D12856 /* HeroListTableViewCell.swift */,
				847BE0481BFF551F00D12856 /* HeroListTableViewCell.xib */,
			);
			name = Cell;
			path = Cells;
			sourceTree = "<group>";
		};
		847BE0431BFF538D00D12856 /* Protocols */ = {
			isa = PBXGroup;
			children = (
				847BE0441BFF53D100D12856 /* UIProtocols.swift */,
				847BE04A1BFF5C2000D12856 /* ViewModelProtocols.swift */,
				84E037111C044FC900AADF10 /* ModelProtocols.swift */,
			);
			path = Protocols;
			sourceTree = "<group>";
		};
		847BE04C1BFFAD6800D12856 /* RxUI */ = {
			isa = PBXGroup;
			children = (
				847BE04D1BFFAEAA00D12856 /* RxTableViewCell.swift */,
				847BE07E1C00C73200D12856 /* RxCollectionViewCell.swift */,
				847BE0801C00CA3A00D12856 /* RxCollectionReusableView.swift */,
				847BE04F1BFFAECF00D12856 /* RxViewController.swift */,
				847BE0511BFFB28800D12856 /* RxTableViewController.swift */,
			);
			path = RxUI;
			sourceTree = "<group>";
		};
		847BE0551BFFB94400D12856 /* Navigation */ = {
			isa = PBXGroup;
			children = (
				847BE0561BFFB99600D12856 /* Segue.swift */,
			);
			path = Navigation;
			sourceTree = "<group>";
		};
		847BE0581BFFCAAA00D12856 /* Services */ = {
			isa = PBXGroup;
			children = (
			);
			name = Services;
			sourceTree = "<group>";
		};
		84BE9EC51C10912300573ED9 /* Specs */ = {
			isa = PBXGroup;
			children = (
				84BE9EC11C10909700573ED9 /* BindableCellFactorySpec.swift */,
				84062B501C074F29009A44B9 /* DecodeSpec.swift */,
				84062B341C070E71009A44B9 /* TestHelpers.swift */,
				84062B571C07557E009A44B9 /* EndPointSpec.swift */,
				84062B591C07567A009A44B9 /* ParamsKeysSpec.swift */,
				84062B6A1C0DEBEB009A44B9 /* AppendableDataSourceSpec.swift */,
				84BE9ED11C1190F600573ED9 /* HeroesListViewControllerSpec.swift */,
			);
			name = Specs;
			sourceTree = "<group>";
		};
		84BE9EC81C118F0D00573ED9 /* Adapters */ = {
			isa = PBXGroup;
			children = (
				84BE9EC91C118F8900573ED9 /* SearchTableDataSource.swift */,
				84BE9ECA1C118F8900573ED9 /* AppendableDataSource.swift */,
				84BE9ECB1C118F8900573ED9 /* BindableCellFactory.swift */,
			);
			path = Adapters;
			sourceTree = "<group>";
		};
		9AA8B1BFDE0FDEE9AB019565 /* Pods */ = {
			isa = PBXGroup;
			children = (
				3984DA2BC3C5D1AC18448E76 /* Pods-FunctionalMarvel.debug.xcconfig */,
				818CEB2CF2A2E3435D1C885A /* Pods-FunctionalMarvel.release.xcconfig */,
				697069B2733F3B548AA22BF7 /* Pods-FunctionalMarvelTests.debug.xcconfig */,
				49C43B762B71C4E242A6FF3F /* Pods-FunctionalMarvelTests.release.xcconfig */,
			);
			name = Pods;
			sourceTree = "<group>";
		};
/* End PBXGroup section */

/* Begin PBXNativeTarget section */
		846AE6831BC5000F000A3739 /* FunctionalMarvel */ = {
			isa = PBXNativeTarget;
			buildConfigurationList = 846AE6A11BC5000F000A3739 /* Build configuration list for PBXNativeTarget "FunctionalMarvel" */;
			buildPhases = (
				B297E136C9B61EF4CADF53E2 /* [CP] Check Pods Manifest.lock */,
				846AE6801BC5000F000A3739 /* Sources */,
				846AE6811BC5000F000A3739 /* Frameworks */,
				846AE6821BC5000F000A3739 /* Resources */,
				BA8CA943F626679D837D3B6C /* [CP] Embed Pods Frameworks */,
				9BF5D0B42FD8D238A07DDA4B /* [CP] Copy Pods Resources */,
			);
			buildRules = (
			);
			dependencies = (
			);
			name = FunctionalMarvel;
			productName = FunctionalMarvel;
			productReference = 846AE6841BC5000F000A3739 /* FunctionalMarvel.app */;
			productType = "com.apple.product-type.application";
		};
		846AE6971BC5000F000A3739 /* FunctionalMarvelTests */ = {
			isa = PBXNativeTarget;
			buildConfigurationList = 846AE6A41BC5000F000A3739 /* Build configuration list for PBXNativeTarget "FunctionalMarvelTests" */;
			buildPhases = (
				7F70D43077696F8250BA1277 /* [CP] Check Pods Manifest.lock */,
				846AE6941BC5000F000A3739 /* Sources */,
				846AE6951BC5000F000A3739 /* Frameworks */,
				846AE6961BC5000F000A3739 /* Resources */,
				C21BC59FAC843AFE92D57BB4 /* [CP] Embed Pods Frameworks */,
				E5CCE6CBEE14F1DDA0C073A6 /* [CP] Copy Pods Resources */,
			);
			buildRules = (
			);
			dependencies = (
				846AE69A1BC5000F000A3739 /* PBXTargetDependency */,
			);
			name = FunctionalMarvelTests;
			productName = FunctionalMarvelTests;
			productReference = 846AE6981BC5000F000A3739 /* FunctionalMarvelTests.xctest */;
			productType = "com.apple.product-type.bundle.unit-test";
		};
/* End PBXNativeTarget section */

/* Begin PBXProject section */
		846AE67C1BC5000F000A3739 /* Project object */ = {
			isa = PBXProject;
			attributes = {
				LastSwiftUpdateCheck = 0700;
				LastUpgradeCheck = 0700;
				ORGANIZATIONNAME = "Sergey Shulga";
				TargetAttributes = {
					846AE6831BC5000F000A3739 = {
						CreatedOnToolsVersion = 7.0.1;
					};
					846AE6971BC5000F000A3739 = {
						CreatedOnToolsVersion = 7.0.1;
						TestTargetID = 846AE6831BC5000F000A3739;
					};
				};
			};
			buildConfigurationList = 846AE67F1BC5000F000A3739 /* Build configuration list for PBXProject "FunctionalMarvel" */;
			compatibilityVersion = "Xcode 3.2";
			developmentRegion = English;
			hasScannedForEncodings = 0;
			knownRegions = (
				en,
				Base,
			);
			mainGroup = 846AE67B1BC5000F000A3739;
			productRefGroup = 846AE6851BC5000F000A3739 /* Products */;
			projectDirPath = "";
			projectRoot = "";
			targets = (
				846AE6831BC5000F000A3739 /* FunctionalMarvel */,
				846AE6971BC5000F000A3739 /* FunctionalMarvelTests */,
			);
		};
/* End PBXProject section */

/* Begin PBXResourcesBuildPhase section */
		846AE6821BC5000F000A3739 /* Resources */ = {
			isa = PBXResourcesBuildPhase;
			buildActionMask = 2147483647;
			files = (
				846AE6921BC5000F000A3739 /* LaunchScreen.storyboard in Resources */,
				847BE0491BFF551F00D12856 /* HeroListTableViewCell.xib in Resources */,
				846AE68F1BC5000F000A3739 /* Assets.xcassets in Resources */,
				846AE68D1BC5000F000A3739 /* Main.storyboard in Resources */,
			);
			runOnlyForDeploymentPostprocessing = 0;
		};
		846AE6961BC5000F000A3739 /* Resources */ = {
			isa = PBXResourcesBuildPhase;
			buildActionMask = 2147483647;
			files = (
				84062B331C070E55009A44B9 /* Heroes.json in Resources */,
				84062B531C074FA2009A44B9 /* Hero.json in Resources */,
				84062B561C07538B009A44B9 /* Batch.json in Resources */,
			);
			runOnlyForDeploymentPostprocessing = 0;
		};
/* End PBXResourcesBuildPhase section */

/* Begin PBXShellScriptBuildPhase section */
		7F70D43077696F8250BA1277 /* [CP] Check Pods Manifest.lock */ = {
			isa = PBXShellScriptBuildPhase;
			buildActionMask = 2147483647;
			files = (
			);
			inputPaths = (
			);
			name = "[CP] Check Pods Manifest.lock";
			outputPaths = (
			);
			runOnlyForDeploymentPostprocessing = 0;
			shellPath = /bin/sh;
			shellScript = "diff \"${PODS_ROOT}/../Podfile.lock\" \"${PODS_ROOT}/Manifest.lock\" > /dev/null\nif [[ $? != 0 ]] ; then\n    cat << EOM\nerror: The sandbox is not in sync with the Podfile.lock. Run 'pod install' or update your CocoaPods installation.\nEOM\n    exit 1\nfi\n";
			showEnvVarsInLog = 0;
		};
		9BF5D0B42FD8D238A07DDA4B /* [CP] Copy Pods Resources */ = {
			isa = PBXShellScriptBuildPhase;
			buildActionMask = 2147483647;
			files = (
			);
			inputPaths = (
			);
			name = "[CP] Copy Pods Resources";
			outputPaths = (
			);
			runOnlyForDeploymentPostprocessing = 0;
			shellPath = /bin/sh;
			shellScript = "\"${SRCROOT}/Pods/Target Support Files/Pods-FunctionalMarvel/Pods-FunctionalMarvel-resources.sh\"\n";
			showEnvVarsInLog = 0;
		};
		B297E136C9B61EF4CADF53E2 /* [CP] Check Pods Manifest.lock */ = {
			isa = PBXShellScriptBuildPhase;
			buildActionMask = 2147483647;
			files = (
			);
			inputPaths = (
			);
			name = "[CP] Check Pods Manifest.lock";
			outputPaths = (
			);
			runOnlyForDeploymentPostprocessing = 0;
			shellPath = /bin/sh;
			shellScript = "diff \"${PODS_ROOT}/../Podfile.lock\" \"${PODS_ROOT}/Manifest.lock\" > /dev/null\nif [[ $? != 0 ]] ; then\n    cat << EOM\nerror: The sandbox is not in sync with the Podfile.lock. Run 'pod install' or update your CocoaPods installation.\nEOM\n    exit 1\nfi\n";
			showEnvVarsInLog = 0;
		};
		BA8CA943F626679D837D3B6C /* [CP] Embed Pods Frameworks */ = {
			isa = PBXShellScriptBuildPhase;
			buildActionMask = 2147483647;
			files = (
			);
			inputPaths = (
			);
			name = "[CP] Embed Pods Frameworks";
			outputPaths = (
			);
			runOnlyForDeploymentPostprocessing = 0;
			shellPath = /bin/sh;
			shellScript = "\"${SRCROOT}/Pods/Target Support Files/Pods-FunctionalMarvel/Pods-FunctionalMarvel-frameworks.sh\"\n";
			showEnvVarsInLog = 0;
		};
		C21BC59FAC843AFE92D57BB4 /* [CP] Embed Pods Frameworks */ = {
			isa = PBXShellScriptBuildPhase;
			buildActionMask = 2147483647;
			files = (
			);
			inputPaths = (
			);
			name = "[CP] Embed Pods Frameworks";
			outputPaths = (
			);
			runOnlyForDeploymentPostprocessing = 0;
			shellPath = /bin/sh;
			shellScript = "\"${SRCROOT}/Pods/Target Support Files/Pods-FunctionalMarvelTests/Pods-FunctionalMarvelTests-frameworks.sh\"\n";
			showEnvVarsInLog = 0;
		};
		E5CCE6CBEE14F1DDA0C073A6 /* [CP] Copy Pods Resources */ = {
			isa = PBXShellScriptBuildPhase;
			buildActionMask = 2147483647;
			files = (
			);
			inputPaths = (
			);
			name = "[CP] Copy Pods Resources";
			outputPaths = (
			);
			runOnlyForDeploymentPostprocessing = 0;
			shellPath = /bin/sh;
			shellScript = "\"${SRCROOT}/Pods/Target Support Files/Pods-FunctionalMarvelTests/Pods-FunctionalMarvelTests-resources.sh\"\n";
			showEnvVarsInLog = 0;
		};
/* End PBXShellScriptBuildPhase section */

/* Begin PBXSourcesBuildPhase section */
		846AE6801BC5000F000A3739 /* Sources */ = {
			isa = PBXSourcesBuildPhase;
			buildActionMask = 2147483647;
			files = (
				84DCC7CB1BC945060035DD7E /* Batch.swift in Sources */,
				84BE9ECE1C118F8900573ED9 /* BindableCellFactory.swift in Sources */,
				846338331CC531DD00EAF1F2 /* Page.swift in Sources */,
				846AE6AD1BC5028F000A3739 /* HeroesListViewController.swift in Sources */,
				847BE0471BFF550800D12856 /* HeroListTableViewCell.swift in Sources */,
				846AE6881BC5000F000A3739 /* AppDelegate.swift in Sources */,
				847BE07F1C00C73200D12856 /* RxCollectionViewCell.swift in Sources */,
				84BE9ECD1C118F8900573ED9 /* AppendableDataSource.swift in Sources */,
				844C692E1D04B0DD00B3F400 /* HeroAPI.swift in Sources */,
				846AE6B41BC502DE000A3739 /* SwiftExtensions.swift in Sources */,
				846AE6D01BC64E18000A3739 /* HeroCellData.swift in Sources */,
				84E037121C044FC900AADF10 /* ModelProtocols.swift in Sources */,
				846AE6C81BC5257B000A3739 /* RxExtensions.swift in Sources */,
				847BE04B1BFF5C2000D12856 /* ViewModelProtocols.swift in Sources */,
				847BE0541BFFB91E00D12856 /* ViewController.swift in Sources */,
				846AE6BF1BC50D44000A3739 /* Thumbnail.swift in Sources */,
				847BE04E1BFFAEAA00D12856 /* RxTableViewCell.swift in Sources */,
				846338261CC12ECB00EAF1F2 /* PagingDecoder.swift in Sources */,
				847BE0811C00CA3A00D12856 /* RxCollectionReusableView.swift in Sources */,
				8463383A1CC6185A00EAF1F2 /* HeroListViewModel.swift in Sources */,
				847BE0521BFFB28800D12856 /* RxTableViewController.swift in Sources */,
				84062B621C086E11009A44B9 /* SearchTableViewController.swift in Sources */,
				84D6355C1CB7D8FC001A4498 /* Manager+Rx.swift in Sources */,
				84BE9ECC1C118F8900573ED9 /* SearchTableDataSource.swift in Sources */,
				845FA2441CB7E7DA004D20EE /* RemoteItemProvider.swift in Sources */,
				846AE6C61BC51E20000A3739 /* EndPoint.swift in Sources */,
				847BE0501BFFAECF00D12856 /* RxViewController.swift in Sources */,
				846AE6C21BC51784000A3739 /* Marvel.swift in Sources */,
				847BE0451BFF53D100D12856 /* UIProtocols.swift in Sources */,
				846338361CC6153200EAF1F2 /* ParamsProvider.swift in Sources */,
				847BE0571BFFB99600D12856 /* Segue.swift in Sources */,
				846338381CC6155B00EAF1F2 /* HeroesParamsProvider.swift in Sources */,
				84E037271C04BACF00AADF10 /* ParamKeys.swift in Sources */,
				846AE6BD1BC50D05000A3739 /* Hero.swift in Sources */,
			);
			runOnlyForDeploymentPostprocessing = 0;
		};
		846AE6941BC5000F000A3739 /* Sources */ = {
			isa = PBXSourcesBuildPhase;
			buildActionMask = 2147483647;
			files = (
				84062B6B1C0DEBEB009A44B9 /* AppendableDataSourceSpec.swift in Sources */,
				84062B511C074F2A009A44B9 /* DecodeSpec.swift in Sources */,
				84BE9ED21C1190F600573ED9 /* HeroesListViewControllerSpec.swift in Sources */,
				84BE9EC31C10909700573ED9 /* BindableCellFactorySpec.swift in Sources */,
				84062B5A1C07567A009A44B9 /* ParamsKeysSpec.swift in Sources */,
				84062B581C07557E009A44B9 /* EndPointSpec.swift in Sources */,
				84062B351C070E71009A44B9 /* TestHelpers.swift in Sources */,
			);
			runOnlyForDeploymentPostprocessing = 0;
		};
/* End PBXSourcesBuildPhase section */

/* Begin PBXTargetDependency section */
		846AE69A1BC5000F000A3739 /* PBXTargetDependency */ = {
			isa = PBXTargetDependency;
			target = 846AE6831BC5000F000A3739 /* FunctionalMarvel */;
			targetProxy = 846AE6991BC5000F000A3739 /* PBXContainerItemProxy */;
		};
/* End PBXTargetDependency section */

/* Begin PBXVariantGroup section */
		846AE68B1BC5000F000A3739 /* Main.storyboard */ = {
			isa = PBXVariantGroup;
			children = (
				846AE68C1BC5000F000A3739 /* Base */,
			);
			name = Main.storyboard;
			sourceTree = "<group>";
		};
		846AE6901BC5000F000A3739 /* LaunchScreen.storyboard */ = {
			isa = PBXVariantGroup;
			children = (
				846AE6911BC5000F000A3739 /* Base */,
			);
			name = LaunchScreen.storyboard;
			sourceTree = "<group>";
		};
/* End PBXVariantGroup section */

/* Begin XCBuildConfiguration section */
		846AE69F1BC5000F000A3739 /* Debug */ = {
			isa = XCBuildConfiguration;
			buildSettings = {
				ALWAYS_SEARCH_USER_PATHS = NO;
				CLANG_CXX_LANGUAGE_STANDARD = "gnu++0x";
				CLANG_CXX_LIBRARY = "libc++";
				CLANG_ENABLE_MODULES = YES;
				CLANG_ENABLE_OBJC_ARC = YES;
				CLANG_WARN_BOOL_CONVERSION = YES;
				CLANG_WARN_CONSTANT_CONVERSION = YES;
				CLANG_WARN_DIRECT_OBJC_ISA_USAGE = YES_ERROR;
				CLANG_WARN_EMPTY_BODY = YES;
				CLANG_WARN_ENUM_CONVERSION = YES;
				CLANG_WARN_INT_CONVERSION = YES;
				CLANG_WARN_OBJC_ROOT_CLASS = YES_ERROR;
				CLANG_WARN_UNREACHABLE_CODE = YES;
				CLANG_WARN__DUPLICATE_METHOD_MATCH = YES;
				"CODE_SIGN_IDENTITY[sdk=iphoneos*]" = "iPhone Developer";
				COPY_PHASE_STRIP = NO;
				DEBUG_INFORMATION_FORMAT = dwarf;
				ENABLE_STRICT_OBJC_MSGSEND = YES;
				ENABLE_TESTABILITY = YES;
				GCC_C_LANGUAGE_STANDARD = gnu99;
				GCC_DYNAMIC_NO_PIC = NO;
				GCC_NO_COMMON_BLOCKS = YES;
				GCC_OPTIMIZATION_LEVEL = 0;
				GCC_PREPROCESSOR_DEFINITIONS = (
					"DEBUG=1",
					"$(inherited)",
				);
				GCC_WARN_64_TO_32_BIT_CONVERSION = YES;
				GCC_WARN_ABOUT_RETURN_TYPE = YES_ERROR;
				GCC_WARN_UNDECLARED_SELECTOR = YES;
				GCC_WARN_UNINITIALIZED_AUTOS = YES_AGGRESSIVE;
				GCC_WARN_UNUSED_FUNCTION = YES;
				GCC_WARN_UNUSED_VARIABLE = YES;
				IPHONEOS_DEPLOYMENT_TARGET = 9.0;
				MTL_ENABLE_DEBUG_INFO = YES;
				ONLY_ACTIVE_ARCH = YES;
				SDKROOT = iphoneos;
				SWIFT_OPTIMIZATION_LEVEL = "-Onone";
			};
			name = Debug;
		};
		846AE6A01BC5000F000A3739 /* Release */ = {
			isa = XCBuildConfiguration;
			buildSettings = {
				ALWAYS_SEARCH_USER_PATHS = NO;
				CLANG_CXX_LANGUAGE_STANDARD = "gnu++0x";
				CLANG_CXX_LIBRARY = "libc++";
				CLANG_ENABLE_MODULES = YES;
				CLANG_ENABLE_OBJC_ARC = YES;
				CLANG_WARN_BOOL_CONVERSION = YES;
				CLANG_WARN_CONSTANT_CONVERSION = YES;
				CLANG_WARN_DIRECT_OBJC_ISA_USAGE = YES_ERROR;
				CLANG_WARN_EMPTY_BODY = YES;
				CLANG_WARN_ENUM_CONVERSION = YES;
				CLANG_WARN_INT_CONVERSION = YES;
				CLANG_WARN_OBJC_ROOT_CLASS = YES_ERROR;
				CLANG_WARN_UNREACHABLE_CODE = YES;
				CLANG_WARN__DUPLICATE_METHOD_MATCH = YES;
				"CODE_SIGN_IDENTITY[sdk=iphoneos*]" = "iPhone Developer";
				COPY_PHASE_STRIP = NO;
				DEBUG_INFORMATION_FORMAT = "dwarf-with-dsym";
				ENABLE_NS_ASSERTIONS = NO;
				ENABLE_STRICT_OBJC_MSGSEND = YES;
				GCC_C_LANGUAGE_STANDARD = gnu99;
				GCC_NO_COMMON_BLOCKS = YES;
				GCC_WARN_64_TO_32_BIT_CONVERSION = YES;
				GCC_WARN_ABOUT_RETURN_TYPE = YES_ERROR;
				GCC_WARN_UNDECLARED_SELECTOR = YES;
				GCC_WARN_UNINITIALIZED_AUTOS = YES_AGGRESSIVE;
				GCC_WARN_UNUSED_FUNCTION = YES;
				GCC_WARN_UNUSED_VARIABLE = YES;
				IPHONEOS_DEPLOYMENT_TARGET = 9.0;
				MTL_ENABLE_DEBUG_INFO = NO;
				SDKROOT = iphoneos;
				VALIDATE_PRODUCT = YES;
			};
			name = Release;
		};
		846AE6A21BC5000F000A3739 /* Debug */ = {
			isa = XCBuildConfiguration;
			baseConfigurationReference = 3984DA2BC3C5D1AC18448E76 /* Pods-FunctionalMarvel.debug.xcconfig */;
			buildSettings = {
				ASSETCATALOG_COMPILER_APPICON_NAME = AppIcon;
				CLANG_ENABLE_MODULES = YES;
				INFOPLIST_FILE = FunctionalMarvel/Info.plist;
				LD_RUNPATH_SEARCH_PATHS = "$(inherited) @executable_path/Frameworks";
				"OTHER_SWIFT_FLAGS[arch=*]" = "\"-D\" \"TRACE_RESOURCES\"";
				PRODUCT_BUNDLE_IDENTIFIER = com.sergdort.FunctionalMarvel;
				PRODUCT_NAME = "$(TARGET_NAME)";
				SWIFT_OBJC_BRIDGING_HEADER = "FunctionalMarvel/Models/Extensions/FunctionalMarvel-Bridging-Header.h";
				SWIFT_OPTIMIZATION_LEVEL = "-Onone";
			};
			name = Debug;
		};
		846AE6A31BC5000F000A3739 /* Release */ = {
			isa = XCBuildConfiguration;
			baseConfigurationReference = 818CEB2CF2A2E3435D1C885A /* Pods-FunctionalMarvel.release.xcconfig */;
			buildSettings = {
				ASSETCATALOG_COMPILER_APPICON_NAME = AppIcon;
				CLANG_ENABLE_MODULES = YES;
				INFOPLIST_FILE = FunctionalMarvel/Info.plist;
				LD_RUNPATH_SEARCH_PATHS = "$(inherited) @executable_path/Frameworks";
				PRODUCT_BUNDLE_IDENTIFIER = com.sergdort.FunctionalMarvel;
				PRODUCT_NAME = "$(TARGET_NAME)";
				SWIFT_OBJC_BRIDGING_HEADER = "FunctionalMarvel/Models/Extensions/FunctionalMarvel-Bridging-Header.h";
			};
			name = Release;
		};
		846AE6A51BC5000F000A3739 /* Debug */ = {
			isa = XCBuildConfiguration;
			baseConfigurationReference = 697069B2733F3B548AA22BF7 /* Pods-FunctionalMarvelTests.debug.xcconfig */;
			buildSettings = {
				BUNDLE_LOADER = "$(TEST_HOST)";
				INFOPLIST_FILE = FunctionalMarvelTests/Info.plist;
				LD_RUNPATH_SEARCH_PATHS = "$(inherited) @executable_path/Frameworks @loader_path/Frameworks";
				PRODUCT_BUNDLE_IDENTIFIER = com.sergdort.FunctionalMarvelTests;
				PRODUCT_NAME = "$(TARGET_NAME)";
				TEST_HOST = "$(BUILT_PRODUCTS_DIR)/FunctionalMarvel.app/FunctionalMarvel";
			};
			name = Debug;
		};
		846AE6A61BC5000F000A3739 /* Release */ = {
			isa = XCBuildConfiguration;
			baseConfigurationReference = 49C43B762B71C4E242A6FF3F /* Pods-FunctionalMarvelTests.release.xcconfig */;
			buildSettings = {
				BUNDLE_LOADER = "$(TEST_HOST)";
				INFOPLIST_FILE = FunctionalMarvelTests/Info.plist;
				LD_RUNPATH_SEARCH_PATHS = "$(inherited) @executable_path/Frameworks @loader_path/Frameworks";
				PRODUCT_BUNDLE_IDENTIFIER = com.sergdort.FunctionalMarvelTests;
				PRODUCT_NAME = "$(TARGET_NAME)";
				TEST_HOST = "$(BUILT_PRODUCTS_DIR)/FunctionalMarvel.app/FunctionalMarvel";
			};
			name = Release;
		};
/* End XCBuildConfiguration section */

/* Begin XCConfigurationList section */
		846AE67F1BC5000F000A3739 /* Build configuration list for PBXProject "FunctionalMarvel" */ = {
			isa = XCConfigurationList;
			buildConfigurations = (
				846AE69F1BC5000F000A3739 /* Debug */,
				846AE6A01BC5000F000A3739 /* Release */,
			);
			defaultConfigurationIsVisible = 0;
			defaultConfigurationName = Release;
		};
		846AE6A11BC5000F000A3739 /* Build configuration list for PBXNativeTarget "FunctionalMarvel" */ = {
			isa = XCConfigurationList;
			buildConfigurations = (
				846AE6A21BC5000F000A3739 /* Debug */,
				846AE6A31BC5000F000A3739 /* Release */,
			);
			defaultConfigurationIsVisible = 0;
			defaultConfigurationName = Release;
		};
		846AE6A41BC5000F000A3739 /* Build configuration list for PBXNativeTarget "FunctionalMarvelTests" */ = {
			isa = XCConfigurationList;
			buildConfigurations = (
				846AE6A51BC5000F000A3739 /* Debug */,
				846AE6A61BC5000F000A3739 /* Release */,
			);
			defaultConfigurationIsVisible = 0;
			defaultConfigurationName = Release;
		};
/* End XCConfigurationList section */
	};
	rootObject = 846AE67C1BC5000F000A3739 /* Project object */;
}
