// !$*UTF8*$!
{
	archiveVersion = 1;
	classes = {
	};
	objectVersion = 46;
	objects = {

/* Begin PBXBuildFile section */
		846AE6881BC5000F000A3739 /* AppDelegate.swift in Sources */ = {isa = PBXBuildFile; fileRef = 846AE6871BC5000F000A3739 /* AppDelegate.swift */; };
		846AE68A1BC5000F000A3739 /* ViewController.swift in Sources */ = {isa = PBXBuildFile; fileRef = 846AE6891BC5000F000A3739 /* ViewController.swift */; };
		846AE68D1BC5000F000A3739 /* Main.storyboard in Resources */ = {isa = PBXBuildFile; fileRef = 846AE68B1BC5000F000A3739 /* Main.storyboard */; };
		846AE68F1BC5000F000A3739 /* Assets.xcassets in Resources */ = {isa = PBXBuildFile; fileRef = 846AE68E1BC5000F000A3739 /* Assets.xcassets */; };
		846AE6921BC5000F000A3739 /* LaunchScreen.storyboard in Resources */ = {isa = PBXBuildFile; fileRef = 846AE6901BC5000F000A3739 /* LaunchScreen.storyboard */; };
		846AE69D1BC5000F000A3739 /* FunctionalMarvelTests.swift in Sources */ = {isa = PBXBuildFile; fileRef = 846AE69C1BC5000F000A3739 /* FunctionalMarvelTests.swift */; };
/* End PBXBuildFile section */

/* Begin PBXContainerItemProxy section */
		846AE6991BC5000F000A3739 /* PBXContainerItemProxy */ = {
			isa = PBXContainerItemProxy;
			containerPortal = 846AE67C1BC5000F000A3739 /* Project object */;
			proxyType = 1;
			remoteGlobalIDString = 846AE6831BC5000F000A3739;
			remoteInfo = FunctionalMarvel;
		};
/* End PBXContainerItemProxy section */

/* Begin PBXFileReference section */
		846AE6841BC5000F000A3739 /* FunctionalMarvel.app */ = {isa = PBXFileReference; explicitFileType = wrapper.application; includeInIndex = 0; path = FunctionalMarvel.app; sourceTree = BUILT_PRODUCTS_DIR; };
		846AE6871BC5000F000A3739 /* AppDelegate.swift */ = {isa = PBXFileReference; lastKnownFileType = sourcecode.swift; path = AppDelegate.swift; sourceTree = "<group>"; };
		846AE6891BC5000F000A3739 /* ViewController.swift */ = {isa = PBXFileReference; lastKnownFileType = sourcecode.swift; path = ViewController.swift; sourceTree = "<group>"; };
		846AE68C1BC5000F000A3739 /* Base */ = {isa = PBXFileReference; lastKnownFileType = file.storyboard; name = Base; path = Base.lproj/Main.storyboard; sourceTree = "<group>"; };
		846AE68E1BC5000F000A3739 /* Assets.xcassets */ = {isa = PBXFileReference; lastKnownFileType = folder.assetcatalog; path = Assets.xcassets; sourceTree = "<group>"; };
		846AE6911BC5000F000A3739 /* Base */ = {isa = PBXFileReference; lastKnownFileType = file.storyboard; name = Base; path = Base.lproj/LaunchScreen.storyboard; sourceTree = "<group>"; };
		846AE6931BC5000F000A3739 /* Info.plist */ = {isa = PBXFileReference; lastKnownFileType = text.plist.xml; path = Info.plist; sourceTree = "<group>"; };
		846AE6981BC5000F000A3739 /* FunctionalMarvelTests.xctest */ = {isa = PBXFileReference; explicitFileType = wrapper.cfbundle; includeInIndex = 0; path = FunctionalMarvelTests.xctest; sourceTree = BUILT_PRODUCTS_DIR; };
		846AE69C1BC5000F000A3739 /* FunctionalMarvelTests.swift */ = {isa = PBXFileReference; lastKnownFileType = sourcecode.swift; path = FunctionalMarvelTests.swift; sourceTree = "<group>"; };
		846AE69E1BC5000F000A3739 /* Info.plist */ = {isa = PBXFileReference; lastKnownFileType = text.plist.xml; path = Info.plist; sourceTree = "<group>"; };
/* End PBXFileReference section */

/* Begin PBXFrameworksBuildPhase section */
		846AE6811BC5000F000A3739 /* Frameworks */ = {
			isa = PBXFrameworksBuildPhase;
			buildActionMask = 2147483647;
			files = (
			);
			runOnlyForDeploymentPostprocessing = 0;
		};
		846AE6951BC5000F000A3739 /* Frameworks */ = {
			isa = PBXFrameworksBuildPhase;
			buildActionMask = 2147483647;
			files = (
			);
			runOnlyForDeploymentPostprocessing = 0;
		};
/* End PBXFrameworksBuildPhase section */

/* Begin PBXGroup section */
		846AE67B1BC5000F000A3739 = {
			isa = PBXGroup;
			children = (
				846AE6861BC5000F000A3739 /* FunctionalMarvel */,
				846AE69B1BC5000F000A3739 /* FunctionalMarvelTests */,
				846AE6851BC5000F000A3739 /* Products */,
			);
			sourceTree = "<group>";
		};
		846AE6851BC5000F000A3739 /* Products */ = {
			isa = PBXGroup;
			children = (
				846AE6841BC5000F000A3739 /* FunctionalMarvel.app */,
				846AE6981BC5000F000A3739 /* FunctionalMarvelTests.xctest */,
			);
			name = Products;
			sourceTree = "<group>";
		};
		846AE6861BC5000F000A3739 /* FunctionalMarvel */ = {
			isa = PBXGroup;
			children = (
				846AE6871BC5000F000A3739 /* AppDelegate.swift */,
				846AE6891BC5000F000A3739 /* ViewController.swift */,
				846AE68B1BC5000F000A3739 /* Main.storyboard */,
				846AE68E1BC5000F000A3739 /* Assets.xcassets */,
				846AE6901BC5000F000A3739 /* LaunchScreen.storyboard */,
				846AE6931BC5000F000A3739 /* Info.plist */,
			);
			path = FunctionalMarvel;
			sourceTree = "<group>";
		};
		846AE69B1BC5000F000A3739 /* FunctionalMarvelTests */ = {
			isa = PBXGroup;
			children = (
				846AE69C1BC5000F000A3739 /* FunctionalMarvelTests.swift */,
				846AE69E1BC5000F000A3739 /* Info.plist */,
			);
			path = FunctionalMarvelTests;
			sourceTree = "<group>";
		};
/* End PBXGroup section */

/* Begin PBXNativeTarget section */
		846AE6831BC5000F000A3739 /* FunctionalMarvel */ = {
			isa = PBXNativeTarget;
			buildConfigurationList = 846AE6A11BC5000F000A3739 /* Build configuration list for PBXNativeTarget "FunctionalMarvel" */;
			buildPhases = (
				846AE6801BC5000F000A3739 /* Sources */,
				846AE6811BC5000F000A3739 /* Frameworks */,
				846AE6821BC5000F000A3739 /* Resources */,
			);
			buildRules = (
			);
			dependencies = (
			);
			name = FunctionalMarvel;
			productName = FunctionalMarvel;
			productReference = 846AE6841BC5000F000A3739 /* FunctionalMarvel.app */;
			productType = "com.apple.product-type.application";
		};
		846AE6971BC5000F000A3739 /* FunctionalMarvelTests */ = {
			isa = PBXNativeTarget;
			buildConfigurationList = 846AE6A41BC5000F000A3739 /* Build configuration list for PBXNativeTarget "FunctionalMarvelTests" */;
			buildPhases = (
				846AE6941BC5000F000A3739 /* Sources */,
				846AE6951BC5000F000A3739 /* Frameworks */,
				846AE6961BC5000F000A3739 /* Resources */,
			);
			buildRules = (
			);
			dependencies = (
				846AE69A1BC5000F000A3739 /* PBXTargetDependency */,
			);
			name = FunctionalMarvelTests;
			productName = FunctionalMarvelTests;
			productReference = 846AE6981BC5000F000A3739 /* FunctionalMarvelTests.xctest */;
			productType = "com.apple.product-type.bundle.unit-test";
		};
/* End PBXNativeTarget section */

/* Begin PBXProject section */
		846AE67C1BC5000F000A3739 /* Project object */ = {
			isa = PBXProject;
			attributes = {
				LastUpgradeCheck = 0700;
				ORGANIZATIONNAME = "Sergey Shulga";
				TargetAttributes = {
					846AE6831BC5000F000A3739 = {
						CreatedOnToolsVersion = 7.0.1;
					};
					846AE6971BC5000F000A3739 = {
						CreatedOnToolsVersion = 7.0.1;
						TestTargetID = 846AE6831BC5000F000A3739;
					};
				};
			};
			buildConfigurationList = 846AE67F1BC5000F000A3739 /* Build configuration list for PBXProject "FunctionalMarvel" */;
			compatibilityVersion = "Xcode 3.2";
			developmentRegion = English;
			hasScannedForEncodings = 0;
			knownRegions = (
				en,
				Base,
			);
			mainGroup = 846AE67B1BC5000F000A3739;
			productRefGroup = 846AE6851BC5000F000A3739 /* Products */;
			projectDirPath = "";
			projectRoot = "";
			targets = (
				846AE6831BC5000F000A3739 /* FunctionalMarvel */,
				846AE6971BC5000F000A3739 /* FunctionalMarvelTests */,
			);
		};
/* End PBXProject section */

/* Begin PBXResourcesBuildPhase section */
		846AE6821BC5000F000A3739 /* Resources */ = {
			isa = PBXResourcesBuildPhase;
			buildActionMask = 2147483647;
			files = (
				846AE6921BC5000F000A3739 /* LaunchScreen.storyboard in Resources */,
				846AE68F1BC5000F000A3739 /* Assets.xcassets in Resources */,
				846AE68D1BC5000F000A3739 /* Main.storyboard in Resources */,
			);
			runOnlyForDeploymentPostprocessing = 0;
		};
		846AE6961BC5000F000A3739 /* Resources */ = {
			isa = PBXResourcesBuildPhase;
			buildActionMask = 2147483647;
			files = (
			);
			runOnlyForDeploymentPostprocessing = 0;
		};
/* End PBXResourcesBuildPhase section */

/* Begin PBXSourcesBuildPhase section */
		846AE6801BC5000F000A3739 /* Sources */ = {
			isa = PBXSourcesBuildPhase;
			buildActionMask = 2147483647;
			files = (
				846AE68A1BC5000F000A3739 /* ViewController.swift in Sources */,
				846AE6881BC5000F000A3739 /* AppDelegate.swift in Sources */,
			);
			runOnlyForDeploymentPostprocessing = 0;
		};
		846AE6941BC5000F000A3739 /* Sources */ = {
			isa = PBXSourcesBuildPhase;
			buildActionMask = 2147483647;
			files = (
				846AE69D1BC5000F000A3739 /* FunctionalMarvelTests.swift in Sources */,
			);
			runOnlyForDeploymentPostprocessing = 0;
		};
/* End PBXSourcesBuildPhase section */

/* Begin PBXTargetDependency section */
		846AE69A1BC5000F000A3739 /* PBXTargetDependency */ = {
			isa = PBXTargetDependency;
			target = 846AE6831BC5000F000A3739 /* FunctionalMarvel */;
			targetProxy = 846AE6991BC5000F000A3739 /* PBXContainerItemProxy */;
		};
/* End PBXTargetDependency section */

/* Begin PBXVariantGroup section */
		846AE68B1BC5000F000A3739 /* Main.storyboard */ = {
			isa = PBXVariantGroup;
			children = (
				846AE68C1BC5000F000A3739 /* Base */,
			);
			name = Main.storyboard;
			sourceTree = "<group>";
		};
		846AE6901BC5000F000A3739 /* LaunchScreen.storyboard */ = {
			isa = PBXVariantGroup;
			children = (
				846AE6911BC5000F000A3739 /* Base */,
			);
			name = LaunchScreen.storyboard;
			sourceTree = "<group>";
		};
/* End PBXVariantGroup section */

/* Begin XCBuildConfiguration section */
		846AE69F1BC5000F000A3739 /* Debug */ = {
			isa = XCBuildConfiguration;
			buildSettings = {
				ALWAYS_SEARCH_USER_PATHS = NO;
				CLANG_CXX_LANGUAGE_STANDARD = "gnu++0x";
				CLANG_CXX_LIBRARY = "libc++";
				CLANG_ENABLE_MODULES = YES;
				CLANG_ENABLE_OBJC_ARC = YES;
				CLANG_WARN_BOOL_CONVERSION = YES;
				CLANG_WARN_CONSTANT_CONVERSION = YES;
				CLANG_WARN_DIRECT_OBJC_ISA_USAGE = YES_ERROR;
				CLANG_WARN_EMPTY_BODY = YES;
				CLANG_WARN_ENUM_CONVERSION = YES;
				CLANG_WARN_INT_CONVERSION = YES;
				CLANG_WARN_OBJC_ROOT_CLASS = YES_ERROR;
				CLANG_WARN_UNREACHABLE_CODE = YES;
				CLANG_WARN__DUPLICATE_METHOD_MATCH = YES;
				"CODE_SIGN_IDENTITY[sdk=iphoneos*]" = "iPhone Developer";
				COPY_PHASE_STRIP = NO;
				DEBUG_INFORMATION_FORMAT = dwarf;
				ENABLE_STRICT_OBJC_MSGSEND = YES;
				ENABLE_TESTABILITY = YES;
				GCC_C_LANGUAGE_STANDARD = gnu99;
				GCC_DYNAMIC_NO_PIC = NO;
				GCC_NO_COMMON_BLOCKS = YES;
				GCC_OPTIMIZATION_LEVEL = 0;
				GCC_PREPROCESSOR_DEFINITIONS = (
					"DEBUG=1",
					"$(inherited)",
				);
				GCC_WARN_64_TO_32_BIT_CONVERSION = YES;
				GCC_WARN_ABOUT_RETURN_TYPE = YES_ERROR;
				GCC_WARN_UNDECLARED_SELECTOR = YES;
				GCC_WARN_UNINITIALIZED_AUTOS = YES_AGGRESSIVE;
				GCC_WARN_UNUSED_FUNCTION = YES;
				GCC_WARN_UNUSED_VARIABLE = YES;
				IPHONEOS_DEPLOYMENT_TARGET = 9.0;
				MTL_ENABLE_DEBUG_INFO = YES;
				ONLY_ACTIVE_ARCH = YES;
				SDKROOT = iphoneos;
				SWIFT_OPTIMIZATION_LEVEL = "-Onone";
			};
			name = Debug;
		};
		846AE6A01BC5000F000A3739 /* Release */ = {
			isa = XCBuildConfiguration;
			buildSettings = {
				ALWAYS_SEARCH_USER_PATHS = NO;
				CLANG_CXX_LANGUAGE_STANDARD = "gnu++0x";
				CLANG_CXX_LIBRARY = "libc++";
				CLANG_ENABLE_MODULES = YES;
				CLANG_ENABLE_OBJC_ARC = YES;
				CLANG_WARN_BOOL_CONVERSION = YES;
				CLANG_WARN_CONSTANT_CONVERSION = YES;
				CLANG_WARN_DIRECT_OBJC_ISA_USAGE = YES_ERROR;
				CLANG_WARN_EMPTY_BODY = YES;
				CLANG_WARN_ENUM_CONVERSION = YES;
				CLANG_WARN_INT_CONVERSION = YES;
				CLANG_WARN_OBJC_ROOT_CLASS = YES_ERROR;
				CLANG_WARN_UNREACHABLE_CODE = YES;
				CLANG_WARN__DUPLICATE_METHOD_MATCH = YES;
				"CODE_SIGN_IDENTITY[sdk=iphoneos*]" = "iPhone Developer";
				COPY_PHASE_STRIP = NO;
				DEBUG_INFORMATION_FORMAT = "dwarf-with-dsym";
				ENABLE_NS_ASSERTIONS = NO;
				ENABLE_STRICT_OBJC_MSGSEND = YES;
				GCC_C_LANGUAGE_STANDARD = gnu99;
				GCC_NO_COMMON_BLOCKS = YES;
				GCC_WARN_64_TO_32_BIT_CONVERSION = YES;
				GCC_WARN_ABOUT_RETURN_TYPE = YES_ERROR;
				GCC_WARN_UNDECLARED_SELECTOR = YES;
				GCC_WARN_UNINITIALIZED_AUTOS = YES_AGGRESSIVE;
				GCC_WARN_UNUSED_FUNCTION = YES;
				GCC_WARN_UNUSED_VARIABLE = YES;
				IPHONEOS_DEPLOYMENT_TARGET = 9.0;
				MTL_ENABLE_DEBUG_INFO = NO;
				SDKROOT = iphoneos;
				VALIDATE_PRODUCT = YES;
			};
			name = Release;
		};
		846AE6A21BC5000F000A3739 /* Debug */ = {
			isa = XCBuildConfiguration;
			buildSettings = {
				ASSETCATALOG_COMPILER_APPICON_NAME = AppIcon;
				INFOPLIST_FILE = FunctionalMarvel/Info.plist;
				LD_RUNPATH_SEARCH_PATHS = "$(inherited) @executable_path/Frameworks";
				PRODUCT_BUNDLE_IDENTIFIER = com.sergdort.FunctionalMarvel;
				PRODUCT_NAME = "$(TARGET_NAME)";
			};
			name = Debug;
		};
		846AE6A31BC5000F000A3739 /* Release */ = {
			isa = XCBuildConfiguration;
			buildSettings = {
				ASSETCATALOG_COMPILER_APPICON_NAME = AppIcon;
				INFOPLIST_FILE = FunctionalMarvel/Info.plist;
				LD_RUNPATH_SEARCH_PATHS = "$(inherited) @executable_path/Frameworks";
				PRODUCT_BUNDLE_IDENTIFIER = com.sergdort.FunctionalMarvel;
				PRODUCT_NAME = "$(TARGET_NAME)";
			};
			name = Release;
		};
		846AE6A51BC5000F000A3739 /* Debug */ = {
			isa = XCBuildConfiguration;
			buildSettings = {
				BUNDLE_LOADER = "$(TEST_HOST)";
				INFOPLIST_FILE = FunctionalMarvelTests/Info.plist;
				LD_RUNPATH_SEARCH_PATHS = "$(inherited) @executable_path/Frameworks @loader_path/Frameworks";
				PRODUCT_BUNDLE_IDENTIFIER = com.sergdort.FunctionalMarvelTests;
				PRODUCT_NAME = "$(TARGET_NAME)";
				TEST_HOST = "$(BUILT_PRODUCTS_DIR)/FunctionalMarvel.app/FunctionalMarvel";
			};
			name = Debug;
		};
		846AE6A61BC5000F000A3739 /* Release */ = {
			isa = XCBuildConfiguration;
			buildSettings = {
				BUNDLE_LOADER = "$(TEST_HOST)";
				INFOPLIST_FILE = FunctionalMarvelTests/Info.plist;
				LD_RUNPATH_SEARCH_PATHS = "$(inherited) @executable_path/Frameworks @loader_path/Frameworks";
				PRODUCT_BUNDLE_IDENTIFIER = com.sergdort.FunctionalMarvelTests;
				PRODUCT_NAME = "$(TARGET_NAME)";
				TEST_HOST = "$(BUILT_PRODUCTS_DIR)/FunctionalMarvel.app/FunctionalMarvel";
			};
			name = Release;
		};
/* End XCBuildConfiguration section */

/* Begin XCConfigurationList section */
		846AE67F1BC5000F000A3739 /* Build configuration list for PBXProject "FunctionalMarvel" */ = {
			isa = XCConfigurationList;
			buildConfigurations = (
				846AE69F1BC5000F000A3739 /* Debug */,
				846AE6A01BC5000F000A3739 /* Release */,
			);
			defaultConfigurationIsVisible = 0;
			defaultConfigurationName = Release;
		};
		846AE6A11BC5000F000A3739 /* Build configuration list for PBXNativeTarget "FunctionalMarvel" */ = {
			isa = XCConfigurationList;
			buildConfigurations = (
				846AE6A21BC5000F000A3739 /* Debug */,
				846AE6A31BC5000F000A3739 /* Release */,
			);
			defaultConfigurationIsVisible = 0;
		};
		846AE6A41BC5000F000A3739 /* Build configuration list for PBXNativeTarget "FunctionalMarvelTests" */ = {
			isa = XCConfigurationList;
			buildConfigurations = (
				846AE6A51BC5000F000A3739 /* Debug */,
				846AE6A61BC5000F000A3739 /* Release */,
			);
			defaultConfigurationIsVisible = 0;
		};
/* End XCConfigurationList section */
	};
	rootObject = 846AE67C1BC5000F000A3739 /* Project object */;
}
